
Microsoft Visual Studio Solution File, Format Version 12.00
# Visual Studio Version 17
VisualStudioVersion = 17.0.32014.148
MinimumVisualStudioVersion = 10.0.40219.1
Project("{FAE04EC0-301F-11D3-BF4B-00C04F79EFBC}") = "SeddikPeizeAPI", "SeddikPeizeAPI\SeddikPeizeAPI.csproj", "{EDE460FB-CC8A-418F-8C4C-1F5E9CF11334}"
EndProject
Global
	GlobalSection(SolutionConfigurationPlatforms) = preSolution
		Debug|Any CPU = Debug|Any CPU
		Release|Any CPU = Release|Any CPU
	EndGlobalSection
	GlobalSection(ProjectConfigurationPlatforms) = postSolution
		{EDE460FB-CC8A-418F-8C4C-1F5E9CF11334}.Debug|Any CPU.ActiveCfg = Debug|Any CPU
		{EDE460FB-CC8A-418F-8C4C-1F5E9CF11334}.Debug|Any CPU.Build.0 = Debug|Any CPU
		{EDE460FB-CC8A-418F-8C4C-1F5E9CF11334}.Release|Any CPU.ActiveCfg = Release|Any CPU
		{EDE460FB-CC8A-418F-8C4C-1F5E9CF11334}.Release|Any CPU.Build.0 = Release|Any CPU
	EndGlobalSection
	GlobalSection(SolutionProperties) = preSolution
		HideSolutionNode = FALSE
	EndGlobalSection
	GlobalSection(ExtensibilityGlobals) = postSolution
		SolutionGuid = {55FAD367-D1FA-4335-A4BA-433CCCDA6C7B}
	EndGlobalSection
EndGlobal
